Microsoft Visual Studio Solution File, Format Version 12.00
# Visual Studio Version 17
VisualStudioVersion = 17.5.2.0
MinimumVisualStudioVersion = 10.0.40219.1
Project("{FAE04EC0-301F-11D3-BF4B-00C04F79EFBC}") = "NewKnapsackPro", "NewKnapsackPro.csproj", "{EFE72562-15F3-820C-62A0-A78B18535ED5}"
EndProject
Global
	GlobalSection(SolutionConfigurationPlatforms) = preSolution
		Debug|Any CPU = Debug|Any CPU
		Release|Any CPU = Release|Any CPU
	EndGlobalSection
	GlobalSection(ProjectConfigurationPlatforms) = postSolution
		{EFE72562-15F3-820C-62A0-A78B18535ED5}.Debug|Any CPU.ActiveCfg = Debug|Any CPU
		{EFE72562-15F3-820C-62A0-A78B18535ED5}.Debug|Any CPU.Build.0 = Debug|Any CPU
		{EFE72562-15F3-820C-62A0-A78B18535ED5}.Release|Any CPU.ActiveCfg = Release|Any CPU
		{EFE72562-15F3-820C-62A0-A78B18535ED5}.Release|Any CPU.Build.0 = Release|Any CPU
	EndGlobalSection
	GlobalSection(SolutionProperties) = preSolution
		HideSolutionNode = FALSE
	EndGlobalSection
	GlobalSection(ExtensibilityGlobals) = postSolution
		SolutionGuid = {A6316315-F74E-4EC7-B86A-81BCD53A165A}
	EndGlobalSection
EndGlobal
